// !$*UTF8*$!
{
	archiveVersion = 1;
	classes = {
	};
	objectVersion = 55;
	objects = {

/* Begin PBXBuildFile section */
		BD17D556287FED9600DF4344 /* MLFilterApp.swift in Sources */ = {isa = PBXBuildFile; fileRef = BD17D555287FED9600DF4344 /* MLFilterApp.swift */; };
		BD17D558287FED9600DF4344 /* HomeView.swift in Sources */ = {isa = PBXBuildFile; fileRef = BD17D557287FED9600DF4344 /* HomeView.swift */; };
		BD17D55A287FED9700DF4344 /* Assets.xcassets in Resources */ = {isa = PBXBuildFile; fileRef = BD17D559287FED9700DF4344 /* Assets.xcassets */; };
		BD17D55D287FED9700DF4344 /* Preview Assets.xcassets in Resources */ = {isa = PBXBuildFile; fileRef = BD17D55C287FED9700DF4344 /* Preview Assets.xcassets */; };
		BD17D564287FEECF00DF4344 /* CameraViewController.swift in Sources */ = {isa = PBXBuildFile; fileRef = BD17D563287FEECF00DF4344 /* CameraViewController.swift */; };
		BD17D566287FF46F00DF4344 /* CoreMLExecutor.swift in Sources */ = {isa = PBXBuildFile; fileRef = BD17D565287FF46F00DF4344 /* CoreMLExecutor.swift */; };
		BD17D568287FFC7300DF4344 /* CameraView.swift in Sources */ = {isa = PBXBuildFile; fileRef = BD17D567287FFC7300DF4344 /* CameraView.swift */; };
		BDC5E28D28800D0E00FDEBAF /* CaptureMode.swift in Sources */ = {isa = PBXBuildFile; fileRef = BDC5E28C28800D0E00FDEBAF /* CaptureMode.swift */; };
		BDC5E29028801DC400FDEBAF /* ImageManager.swift in Sources */ = {isa = PBXBuildFile; fileRef = BDC5E28F28801DC400FDEBAF /* ImageManager.swift */; };
/* End PBXBuildFile section */

/* Begin PBXFileReference section */
		BD17D552287FED9600DF4344 /* MLFilterApp.app */ = {isa = PBXFileReference; explicitFileType = wrapper.application; includeInIndex = 0; path = MLFilterApp.app; sourceTree = BUILT_PRODUCTS_DIR; };
		BD17D555287FED9600DF4344 /* MLFilterApp.swift */ = {isa = PBXFileReference; lastKnownFileType = sourcecode.swift; path = MLFilterApp.swift; sourceTree = "<group>"; };
		BD17D557287FED9600DF4344 /* HomeView.swift */ = {isa = PBXFileReference; lastKnownFileType = sourcecode.swift; path = HomeView.swift; sourceTree = "<group>"; };
		BD17D559287FED9700DF4344 /* Assets.xcassets */ = {isa = PBXFileReference; lastKnownFileType = folder.assetcatalog; path = Assets.xcassets; sourceTree = "<group>"; };
		BD17D55C287FED9700DF4344 /* Preview Assets.xcassets */ = {isa = PBXFileReference; lastKnownFileType = folder.assetcatalog; path = "Preview Assets.xcassets"; sourceTree = "<group>"; };
		BD17D563287FEECF00DF4344 /* CameraViewController.swift */ = {isa = PBXFileReference; lastKnownFileType = sourcecode.swift; path = CameraViewController.swift; sourceTree = "<group>"; };
		BD17D565287FF46F00DF4344 /* CoreMLExecutor.swift */ = {isa = PBXFileReference; lastKnownFileType = sourcecode.swift; path = CoreMLExecutor.swift; sourceTree = "<group>"; };
		BD17D567287FFC7300DF4344 /* CameraView.swift */ = {isa = PBXFileReference; lastKnownFileType = sourcecode.swift; path = CameraView.swift; sourceTree = "<group>"; };
		BDC5E28C28800D0E00FDEBAF /* CaptureMode.swift */ = {isa = PBXFileReference; lastKnownFileType = sourcecode.swift; path = CaptureMode.swift; sourceTree = "<group>"; };
		BDC5E28F28801DC400FDEBAF /* ImageManager.swift */ = {isa = PBXFileReference; lastKnownFileType = sourcecode.swift; path = ImageManager.swift; sourceTree = "<group>"; };
/* End PBXFileReference section */

/* Begin PBXFrameworksBuildPhase section */
		BD17D54F287FED9600DF4344 /* Frameworks */ = {
			isa = PBXFrameworksBuildPhase;
			buildActionMask = 2147483647;
			files = (
			);
			runOnlyForDeploymentPostprocessing = 0;
		};
/* End PBXFrameworksBuildPhase section */

/* Begin PBXGroup section */
		BD17D549287FED9600DF4344 = {
			isa = PBXGroup;
			children = (
				BD17D554287FED9600DF4344 /* MLFilterApp */,
				BD17D553287FED9600DF4344 /* Products */,
			);
			sourceTree = "<group>";
		};
		BD17D553287FED9600DF4344 /* Products */ = {
			isa = PBXGroup;
			children = (
				BD17D552287FED9600DF4344 /* MLFilterApp.app */,
			);
			name = Products;
			sourceTree = "<group>";
		};
		BD17D554287FED9600DF4344 /* MLFilterApp */ = {
			isa = PBXGroup;
			children = (
				BD17D555287FED9600DF4344 /* MLFilterApp.swift */,
				BD17D557287FED9600DF4344 /* HomeView.swift */,
				BD17D567287FFC7300DF4344 /* CameraView.swift */,
				BD17D563287FEECF00DF4344 /* CameraViewController.swift */,
				BD17D565287FF46F00DF4344 /* CoreMLExecutor.swift */,
				BDC5E28C28800D0E00FDEBAF /* CaptureMode.swift */,
				BDC5E28E28800D5900FDEBAF /* Resources */,
				BDC5E28F28801DC400FDEBAF /* ImageManager.swift */,
			);
			path = MLFilterApp;
			sourceTree = "<group>";
		};
		BD17D55B287FED9700DF4344 /* Preview Content */ = {
			isa = PBXGroup;
			children = (
				BD17D55C287FED9700DF4344 /* Preview Assets.xcassets */,
			);
			path = "Preview Content";
			sourceTree = "<group>";
		};
		BDC5E28E28800D5900FDEBAF /* Resources */ = {
			isa = PBXGroup;
			children = (
				BD17D559287FED9700DF4344 /* Assets.xcassets */,
				BD17D55B287FED9700DF4344 /* Preview Content */,
			);
			path = Resources;
			sourceTree = "<group>";
		};
/* End PBXGroup section */

/* Begin PBXNativeTarget section */
		BD17D551287FED9600DF4344 /* MLFilterApp */ = {
			isa = PBXNativeTarget;
			buildConfigurationList = BD17D560287FED9700DF4344 /* Build configuration list for PBXNativeTarget "MLFilterApp" */;
			buildPhases = (
				BD17D54E287FED9600DF4344 /* Sources */,
				BD17D54F287FED9600DF4344 /* Frameworks */,
				BD17D550287FED9600DF4344 /* Resources */,
			);
			buildRules = (
			);
			dependencies = (
			);
			name = MLFilterApp;
			productName = MLFilterApp;
			productReference = BD17D552287FED9600DF4344 /* MLFilterApp.app */;
			productType = "com.apple.product-type.application";
		};
/* End PBXNativeTarget section */

/* Begin PBXProject section */
		BD17D54A287FED9600DF4344 /* Project object */ = {
			isa = PBXProject;
			attributes = {
				BuildIndependentTargetsInParallel = 1;
				LastSwiftUpdateCheck = 1340;
				LastUpgradeCheck = 1340;
				TargetAttributes = {
					BD17D551287FED9600DF4344 = {
						CreatedOnToolsVersion = 13.4.1;
					};
				};
			};
			buildConfigurationList = BD17D54D287FED9600DF4344 /* Build configuration list for PBXProject "MLFilterApp" */;
			compatibilityVersion = "Xcode 13.0";
			developmentRegion = en;
			hasScannedForEncodings = 0;
			knownRegions = (
				en,
				Base,
			);
			mainGroup = BD17D549287FED9600DF4344;
			productRefGroup = BD17D553287FED9600DF4344 /* Products */;
			projectDirPath = "";
			projectRoot = "";
			targets = (
				BD17D551287FED9600DF4344 /* MLFilterApp */,
			);
		};
/* End PBXProject section */

/* Begin PBXResourcesBuildPhase section */
		BD17D550287FED9600DF4344 /* Resources */ = {
			isa = PBXResourcesBuildPhase;
			buildActionMask = 2147483647;
			files = (
				BD17D55D287FED9700DF4344 /* Preview Assets.xcassets in Resources */,
				BD17D55A287FED9700DF4344 /* Assets.xcassets in Resources */,
			);
			runOnlyForDeploymentPostprocessing = 0;
		};
/* End PBXResourcesBuildPhase section */

/* Begin PBXSourcesBuildPhase section */
		BD17D54E287FED9600DF4344 /* Sources */ = {
			isa = PBXSourcesBuildPhase;
			buildActionMask = 2147483647;
			files = (
				BD17D566287FF46F00DF4344 /* CoreMLExecutor.swift in Sources */,
				BD17D558287FED9600DF4344 /* HomeView.swift in Sources */,
				BDC5E29028801DC400FDEBAF /* ImageManager.swift in Sources */,
				BD17D556287FED9600DF4344 /* MLFilterApp.swift in Sources */,
				BD17D568287FFC7300DF4344 /* CameraView.swift in Sources */,
				BD17D564287FEECF00DF4344 /* CameraViewController.swift in Sources */,
				BDC5E28D28800D0E00FDEBAF /* CaptureMode.swift in Sources */,
			);
			runOnlyForDeploymentPostprocessing = 0;
		};
/* End PBXSourcesBuildPhase section */

/* Begin XCBuildConfiguration section */
		BD17D55E287FED9700DF4344 /* Debug */ = {
			isa = XCBuildConfiguration;
			buildSettings = {
				ALWAYS_SEARCH_USER_PATHS = NO;
				CLANG_ANALYZER_NONNULL = YES;
				CLANG_ANALYZER_NUMBER_OBJECT_CONVERSION = YES_AGGRESSIVE;
				CLANG_CXX_LANGUAGE_STANDARD = "gnu++17";
				CLANG_ENABLE_MODULES = YES;
				CLANG_ENABLE_OBJC_ARC = YES;
				CLANG_ENABLE_OBJC_WEAK = YES;
				CLANG_WARN_BLOCK_CAPTURE_AUTORELEASING = YES;
				CLANG_WARN_BOOL_CONVERSION = YES;
				CLANG_WARN_COMMA = YES;
				CLANG_WARN_CONSTANT_CONVERSION = YES;
				CLANG_WARN_DEPRECATED_OBJC_IMPLEMENTATIONS = YES;
				CLANG_WARN_DIRECT_OBJC_ISA_USAGE = YES_ERROR;
				CLANG_WARN_DOCUMENTATION_COMMENTS = YES;
				CLANG_WARN_EMPTY_BODY = YES;
				CLANG_WARN_ENUM_CONVERSION = YES;
				CLANG_WARN_INFINITE_RECURSION = YES;
				CLANG_WARN_INT_CONVERSION = YES;
				CLANG_WARN_NON_LITERAL_NULL_CONVERSION = YES;
				CLANG_WARN_OBJC_IMPLICIT_RETAIN_SELF = YES;
				CLANG_WARN_OBJC_LITERAL_CONVERSION = YES;
				CLANG_WARN_OBJC_ROOT_CLASS = YES_ERROR;
				CLANG_WARN_QUOTED_INCLUDE_IN_FRAMEWORK_HEADER = YES;
				CLANG_WARN_RANGE_LOOP_ANALYSIS = YES;
				CLANG_WARN_STRICT_PROTOTYPES = YES;
				CLANG_WARN_SUSPICIOUS_MOVE = YES;
				CLANG_WARN_UNGUARDED_AVAILABILITY = YES_AGGRESSIVE;
				CLANG_WARN_UNREACHABLE_CODE = YES;
				CLANG_WARN__DUPLICATE_METHOD_MATCH = YES;
				COPY_PHASE_STRIP = NO;
				DEBUG_INFORMATION_FORMAT = dwarf;
				ENABLE_STRICT_OBJC_MSGSEND = YES;
				ENABLE_TESTABILITY = YES;
				GCC_C_LANGUAGE_STANDARD = gnu11;
				GCC_DYNAMIC_NO_PIC = NO;
				GCC_NO_COMMON_BLOCKS = YES;
				GCC_OPTIMIZATION_LEVEL = 0;
				GCC_PREPROCESSOR_DEFINITIONS = (
					"DEBUG=1",
					"$(inherited)",
				);
				GCC_WARN_64_TO_32_BIT_CONVERSION = YES;
				GCC_WARN_ABOUT_RETURN_TYPE = YES_ERROR;
				GCC_WARN_UNDECLARED_SELECTOR = YES;
				GCC_WARN_UNINITIALIZED_AUTOS = YES_AGGRESSIVE;
				GCC_WARN_UNUSED_FUNCTION = YES;
				GCC_WARN_UNUSED_VARIABLE = YES;
				IPHONEOS_DEPLOYMENT_TARGET = 15.5;
				MTL_ENABLE_DEBUG_INFO = INCLUDE_SOURCE;
				MTL_FAST_MATH = YES;
				ONLY_ACTIVE_ARCH = YES;
				SDKROOT = iphoneos;
				SWIFT_ACTIVE_COMPILATION_CONDITIONS = DEBUG;
				SWIFT_OPTIMIZATION_LEVEL = "-Onone";
			};
			name = Debug;
		};
		BD17D55F287FED9700DF4344 /* Release */ = {
			isa = XCBuildConfiguration;
			buildSettings = {
				ALWAYS_SEARCH_USER_PATHS = NO;
				CLANG_ANALYZER_NONNULL = YES;
				CLANG_ANALYZER_NUMBER_OBJECT_CONVERSION = YES_AGGRESSIVE;
				CLANG_CXX_LANGUAGE_STANDARD = "gnu++17";
				CLANG_ENABLE_MODULES = YES;
				CLANG_ENABLE_OBJC_ARC = YES;
				CLANG_ENABLE_OBJC_WEAK = YES;
				CLANG_WARN_BLOCK_CAPTURE_AUTORELEASING = YES;
				CLANG_WARN_BOOL_CONVERSION = YES;
				CLANG_WARN_COMMA = YES;
				CLANG_WARN_CONSTANT_CONVERSION = YES;
				CLANG_WARN_DEPRECATED_OBJC_IMPLEMENTATIONS = YES;
				CLANG_WARN_DIRECT_OBJC_ISA_USAGE = YES_ERROR;
				CLANG_WARN_DOCUMENTATION_COMMENTS = YES;
				CLANG_WARN_EMPTY_BODY = YES;
				CLANG_WARN_ENUM_CONVERSION = YES;
				CLANG_WARN_INFINITE_RECURSION = YES;
				CLANG_WARN_INT_CONVERSION = YES;
				CLANG_WARN_NON_LITERAL_NULL_CONVERSION = YES;
				CLANG_WARN_OBJC_IMPLICIT_RETAIN_SELF = YES;
				CLANG_WARN_OBJC_LITERAL_CONVERSION = YES;
				CLANG_WARN_OBJC_ROOT_CLASS = YES_ERROR;
				CLANG_WARN_QUOTED_INCLUDE_IN_FRAMEWORK_HEADER = YES;
				CLANG_WARN_RANGE_LOOP_ANALYSIS = YES;
				CLANG_WARN_STRICT_PROTOTYPES = YES;
				CLANG_WARN_SUSPICIOUS_MOVE = YES;
				CLANG_WARN_UNGUARDED_AVAILABILITY = YES_AGGRESSIVE;
				CLANG_WARN_UNREACHABLE_CODE = YES;
				CLANG_WARN__DUPLICATE_METHOD_MATCH = YES;
				COPY_PHASE_STRIP = NO;
				DEBUG_INFORMATION_FORMAT = "dwarf-with-dsym";
				ENABLE_NS_ASSERTIONS = NO;
				ENABLE_STRICT_OBJC_MSGSEND = YES;
				GCC_C_LANGUAGE_STANDARD = gnu11;
				GCC_NO_COMMON_BLOCKS = YES;
				GCC_WARN_64_TO_32_BIT_CONVERSION = YES;
				GCC_WARN_ABOUT_RETURN_TYPE = YES_ERROR;
				GCC_WARN_UNDECLARED_SELECTOR = YES;
				GCC_WARN_UNINITIALIZED_AUTOS = YES_AGGRESSIVE;
				GCC_WARN_UNUSED_FUNCTION = YES;
				GCC_WARN_UNUSED_VARIABLE = YES;
				IPHONEOS_DEPLOYMENT_TARGET = 15.5;
				MTL_ENABLE_DEBUG_INFO = NO;
				MTL_FAST_MATH = YES;
				SDKROOT = iphoneos;
				SWIFT_COMPILATION_MODE = wholemodule;
				SWIFT_OPTIMIZATION_LEVEL = "-O";
				VALIDATE_PRODUCT = YES;
			};
			name = Release;
		};
		BD17D561287FED9700DF4344 /* Debug */ = {
			isa = XCBuildConfiguration;
			buildSettings = {
				ASSETCATALOG_COMPILER_APPICON_NAME = AppIcon;
				ASSETCATALOG_COMPILER_GLOBAL_ACCENT_COLOR_NAME = AccentColor;
				CODE_SIGN_STYLE = Automatic;
				CURRENT_PROJECT_VERSION = 1;
				DEVELOPMENT_ASSET_PATHS = "\"MLFilterApp/Resources/Preview Content\"";
				ENABLE_PREVIEWS = YES;
				GENERATE_INFOPLIST_FILE = YES;
				INFOPLIST_KEY_UIApplicationSceneManifest_Generation = YES;
				INFOPLIST_KEY_UIApplicationSupportsIndirectInputEvents = YES;
				INFOPLIST_KEY_UILaunchScreen_Generation = YES;
				INFOPLIST_KEY_UISupportedInterfaceOrientations_iPad = "UIInterfaceOrientationPortrait UIInterfaceOrientationPortraitUpsideDown UIInterfaceOrientationLandscapeLeft UIInterfaceOrientationLandscapeRight";
				INFOPLIST_KEY_UISupportedInterfaceOrientations_iPhone = "UIInterfaceOrientationPortrait UIInterfaceOrientationLandscapeLeft UIInterfaceOrientationLandscapeRight";
				LD_RUNPATH_SEARCH_PATHS = (
					"$(inherited)",
					"@executable_path/Frameworks",
				);
				MARKETING_VERSION = 1.0;
				PRODUCT_BUNDLE_IDENTIFIER = com.anh.MLFilterApp;
				PRODUCT_NAME = "$(TARGET_NAME)";
				SWIFT_EMIT_LOC_STRINGS = YES;
				SWIFT_VERSION = 5.0;
				TARGETED_DEVICE_FAMILY = "1,2";
			};
			name = Debug;
		};
		BD17D562287FED9700DF4344 /* Release */ = {
			isa = XCBuildConfiguration;
			buildSettings = {
				ASSETCATALOG_COMPILER_APPICON_NAME = AppIcon;
				ASSETCATALOG_COMPILER_GLOBAL_ACCENT_COLOR_NAME = AccentColor;
				CODE_SIGN_STYLE = Automatic;
				CURRENT_PROJECT_VERSION = 1;
				DEVELOPMENT_ASSET_PATHS = "\"MLFilterApp/Resources/Preview Content\"";
				ENABLE_PREVIEWS = YES;
				GENERATE_INFOPLIST_FILE = YES;
				INFOPLIST_KEY_UIApplicationSceneManifest_Generation = YES;
				INFOPLIST_KEY_UIApplicationSupportsIndirectInputEvents = YES;
				INFOPLIST_KEY_UILaunchScreen_Generation = YES;
				INFOPLIST_KEY_UISupportedInterfaceOrientations_iPad = "UIInterfaceOrientationPortrait UIInterfaceOrientationPortraitUpsideDown UIInterfaceOrientationLandscapeLeft UIInterfaceOrientationLandscapeRight";
				INFOPLIST_KEY_UISupportedInterfaceOrientations_iPhone = "UIInterfaceOrientationPortrait UIInterfaceOrientationLandscapeLeft UIInterfaceOrientationLandscapeRight";
				LD_RUNPATH_SEARCH_PATHS = (
					"$(inherited)",
					"@executable_path/Frameworks",
				);
				MARKETING_VERSION = 1.0;
				PRODUCT_BUNDLE_IDENTIFIER = com.anh.MLFilterApp;
				PRODUCT_NAME = "$(TARGET_NAME)";
				SWIFT_EMIT_LOC_STRINGS = YES;
				SWIFT_VERSION = 5.0;
				TARGETED_DEVICE_FAMILY = "1,2";
			};
			name = Release;
		};
/* End XCBuildConfiguration section */

/* Begin XCConfigurationList section */
		BD17D54D287FED9600DF4344 /* Build configuration list for PBXProject "MLFilterApp" */ = {
			isa = XCConfigurationList;
			buildConfigurations = (
				BD17D55E287FED9700DF4344 /* Debug */,
				BD17D55F287FED9700DF4344 /* Release */,
			);
			defaultConfigurationIsVisible = 0;
			defaultConfigurationName = Release;
		};
		BD17D560287FED9700DF4344 /* Build configuration list for PBXNativeTarget "MLFilterApp" */ = {
			isa = XCConfigurationList;
			buildConfigurations = (
				BD17D561287FED9700DF4344 /* Debug */,
				BD17D562287FED9700DF4344 /* Release */,
			);
			defaultConfigurationIsVisible = 0;
			defaultConfigurationName = Release;
		};
/* End XCConfigurationList section */
	};
	rootObject = BD17D54A287FED9600DF4344 /* Project object */;
}
